
Microsoft Visual Studio Solution File, Format Version 12.00
# Visual Studio Version 17
VisualStudioVersion = 17.2.32630.192
MinimumVisualStudioVersion = 10.0.40219.1
Project("{FAE04EC0-301F-11D3-BF4B-00C04F79EFBC}") = "OrderManagement", "OrderManagement.csproj", "{E25D0E6C-21EB-40D7-9FE8-907EC24BD7B1}"
EndProject
Project("{FAE04EC0-301F-11D3-BF4B-00C04F79EFBC}") = "OrderManagement.Test", "..\OrderManagement.Tests\OrderManagement.Test.csproj", "{FC2A223A-6910-40D1-8CD6-1EE5DA25BA05}"
EndProject
Project("{FAE04EC0-301F-11D3-BF4B-00C04F79EFBC}") = "OrderManagement.Data", "..\OrderManagement.Data\OrderManagement.Data.csproj", "{68F13245-0079-4C95-BB25-21D8FB68A70B}"
EndProject
Project("{FAE04EC0-301F-11D3-BF4B-00C04F79EFBC}") = "OrderManagement.Data.Interface", "..\OrderManagement.Data.Interface\OrderManagement.Data.Interface.csproj", "{9684310F-3696-4E2A-ACEA-D0D99E7F1BEA}"
EndProject
Project("{FAE04EC0-301F-11D3-BF4B-00C04F79EFBC}") = "OrderManagement.Model", "..\OrderManagement.Model\OrderManagement.Model.csproj", "{67DEC4E8-BEF7-467B-890B-40A6334C568D}"
EndProject
Global
	GlobalSection(SolutionConfigurationPlatforms) = preSolution
		Debug|Any CPU = Debug|Any CPU
		Release|Any CPU = Release|Any CPU
	EndGlobalSection
	GlobalSection(ProjectConfigurationPlatforms) = postSolution
		{E25D0E6C-21EB-40D7-9FE8-907EC24BD7B1}.Debug|Any CPU.ActiveCfg = Debug|Any CPU
		{E25D0E6C-21EB-40D7-9FE8-907EC24BD7B1}.Debug|Any CPU.Build.0 = Debug|Any CPU
		{E25D0E6C-21EB-40D7-9FE8-907EC24BD7B1}.Release|Any CPU.ActiveCfg = Release|Any CPU
		{E25D0E6C-21EB-40D7-9FE8-907EC24BD7B1}.Release|Any CPU.Build.0 = Release|Any CPU
		{FC2A223A-6910-40D1-8CD6-1EE5DA25BA05}.Debug|Any CPU.ActiveCfg = Debug|Any CPU
		{FC2A223A-6910-40D1-8CD6-1EE5DA25BA05}.Debug|Any CPU.Build.0 = Debug|Any CPU
		{FC2A223A-6910-40D1-8CD6-1EE5DA25BA05}.Release|Any CPU.ActiveCfg = Release|Any CPU
		{FC2A223A-6910-40D1-8CD6-1EE5DA25BA05}.Release|Any CPU.Build.0 = Release|Any CPU
		{68F13245-0079-4C95-BB25-21D8FB68A70B}.Debug|Any CPU.ActiveCfg = Debug|Any CPU
		{68F13245-0079-4C95-BB25-21D8FB68A70B}.Debug|Any CPU.Build.0 = Debug|Any CPU
		{68F13245-0079-4C95-BB25-21D8FB68A70B}.Release|Any CPU.ActiveCfg = Release|Any CPU
		{68F13245-0079-4C95-BB25-21D8FB68A70B}.Release|Any CPU.Build.0 = Release|Any CPU
		{9684310F-3696-4E2A-ACEA-D0D99E7F1BEA}.Debug|Any CPU.ActiveCfg = Debug|Any CPU
		{9684310F-3696-4E2A-ACEA-D0D99E7F1BEA}.Debug|Any CPU.Build.0 = Debug|Any CPU
		{9684310F-3696-4E2A-ACEA-D0D99E7F1BEA}.Release|Any CPU.ActiveCfg = Release|Any CPU
		{9684310F-3696-4E2A-ACEA-D0D99E7F1BEA}.Release|Any CPU.Build.0 = Release|Any CPU
		{67DEC4E8-BEF7-467B-890B-40A6334C568D}.Debug|Any CPU.ActiveCfg = Debug|Any CPU
		{67DEC4E8-BEF7-467B-890B-40A6334C568D}.Debug|Any CPU.Build.0 = Debug|Any CPU
		{67DEC4E8-BEF7-467B-890B-40A6334C568D}.Release|Any CPU.ActiveCfg = Release|Any CPU
		{67DEC4E8-BEF7-467B-890B-40A6334C568D}.Release|Any CPU.Build.0 = Release|Any CPU
	EndGlobalSection
	GlobalSection(SolutionProperties) = preSolution
		HideSolutionNode = FALSE
	EndGlobalSection
	GlobalSection(ExtensibilityGlobals) = postSolution
		SolutionGuid = {E8C480C6-A46A-4137-BB0B-BD423AB8ED34}
	EndGlobalSection
EndGlobal
